
Microsoft Visual Studio Solution File, Format Version 12.00
# Visual Studio Version 16
VisualStudioVersion = 16.0.28803.452
MinimumVisualStudioVersion = 10.0.40219.1
Project("{FAE04EC0-301F-11D3-BF4B-00C04F79EFBC}") = "LoginModule", "LoginModule\LoginModule.csproj", "{BF15A72D-6618-4077-A88C-AA2798A24D5F}"
EndProject
Project("{FAE04EC0-301F-11D3-BF4B-00C04F79EFBC}") = "LoginModule.Tests", "LoginModule.Tests\LoginModule.Tests.csproj", "{F2C39526-7C1F-4EC2-A112-EAE9F28C06D5}"
EndProject
Global
	GlobalSection(SolutionConfigurationPlatforms) = preSolution
		Debug|Any CPU = Debug|Any CPU
		Release|Any CPU = Release|Any CPU
	EndGlobalSection
	GlobalSection(ProjectConfigurationPlatforms) = postSolution
		{BF15A72D-6618-4077-A88C-AA2798A24D5F}.Debug|Any CPU.ActiveCfg = Debug|Any CPU
		{BF15A72D-6618-4077-A88C-AA2798A24D5F}.Debug|Any CPU.Build.0 = Debug|Any CPU
		{BF15A72D-6618-4077-A88C-AA2798A24D5F}.Release|Any CPU.ActiveCfg = Release|Any CPU
		{BF15A72D-6618-4077-A88C-AA2798A24D5F}.Release|Any CPU.Build.0 = Release|Any CPU
		{F2C39526-7C1F-4EC2-A112-EAE9F28C06D5}.Debug|Any CPU.ActiveCfg = Debug|Any CPU
		{F2C39526-7C1F-4EC2-A112-EAE9F28C06D5}.Debug|Any CPU.Build.0 = Debug|Any CPU
		{F2C39526-7C1F-4EC2-A112-EAE9F28C06D5}.Release|Any CPU.ActiveCfg = Release|Any CPU
		{F2C39526-7C1F-4EC2-A112-EAE9F28C06D5}.Release|Any CPU.Build.0 = Release|Any CPU
	EndGlobalSection
	GlobalSection(SolutionProperties) = preSolution
		HideSolutionNode = FALSE
	EndGlobalSection
	GlobalSection(ExtensibilityGlobals) = postSolution
		SolutionGuid = {65B2DCB4-0503-4288-8EFD-3EC395F9F196}
	EndGlobalSection
EndGlobal
